
Microsoft Visual Studio Solution File, Format Version 12.00
# Visual Studio Version 17
VisualStudioVersion = 17.7.34024.191
MinimumVisualStudioVersion = 10.0.40219.1
Project("{FAE04EC0-301F-11D3-BF4B-00C04F79EFBC}") = "dicttest", "dicttest\dicttest.csproj", "{0408E8D3-9B32-45F9-992F-82BBA8574102}"
EndProject
Global
	GlobalSection(SolutionConfigurationPlatforms) = preSolution
		Debug|Any CPU = Debug|Any CPU
		Release|Any CPU = Release|Any CPU
	EndGlobalSection
	GlobalSection(ProjectConfigurationPlatforms) = postSolution
		{0408E8D3-9B32-45F9-992F-82BBA8574102}.Debug|Any CPU.ActiveCfg = Debug|Any CPU
		{0408E8D3-9B32-45F9-992F-82BBA8574102}.Debug|Any CPU.Build.0 = Debug|Any CPU
		{0408E8D3-9B32-45F9-992F-82BBA8574102}.Release|Any CPU.ActiveCfg = Release|Any CPU
		{0408E8D3-9B32-45F9-992F-82BBA8574102}.Release|Any CPU.Build.0 = Release|Any CPU
	EndGlobalSection
	GlobalSection(SolutionProperties) = preSolution
		HideSolutionNode = FALSE
	EndGlobalSection
	GlobalSection(ExtensibilityGlobals) = postSolution
		SolutionGuid = {A6ECBC9A-FC0B-4492-B563-7F19F70FD498}
	EndGlobalSection
EndGlobal
